// !$*UTF8*$!
{
	archiveVersion = 1;
	classes = {
	};
	objectVersion = 46;
	objects = {

/* Begin PBXBuildFile section */
		20B023A51CB952ED0023E600 /* VistaResultados.swift in Sources */ = {isa = PBXBuildFile; fileRef = 20B023A41CB952ED0023E600 /* VistaResultados.swift */; };
		20F87E751CB80D9F00D5A0D0 /* AppDelegate.swift in Sources */ = {isa = PBXBuildFile; fileRef = 20F87E741CB80D9F00D5A0D0 /* AppDelegate.swift */; };
		20F87E771CB80D9F00D5A0D0 /* ViewController.swift in Sources */ = {isa = PBXBuildFile; fileRef = 20F87E761CB80D9F00D5A0D0 /* ViewController.swift */; };
		20F87E7A1CB80D9F00D5A0D0 /* Main.storyboard in Resources */ = {isa = PBXBuildFile; fileRef = 20F87E781CB80D9F00D5A0D0 /* Main.storyboard */; };
		20F87E7C1CB80D9F00D5A0D0 /* Assets.xcassets in Resources */ = {isa = PBXBuildFile; fileRef = 20F87E7B1CB80D9F00D5A0D0 /* Assets.xcassets */; };
		20F87E7F1CB80D9F00D5A0D0 /* LaunchScreen.storyboard in Resources */ = {isa = PBXBuildFile; fileRef = 20F87E7D1CB80D9F00D5A0D0 /* LaunchScreen.storyboard */; };
/* End PBXBuildFile section */

/* Begin PBXFileReference section */
		20B023A41CB952ED0023E600 /* VistaResultados.swift */ = {isa = PBXFileReference; fileEncoding = 4; lastKnownFileType = sourcecode.swift; path = VistaResultados.swift; sourceTree = "<group>"; };
		20F87E711CB80D9E00D5A0D0 /* ConexionHTTP.app */ = {isa = PBXFileReference; explicitFileType = wrapper.application; includeInIndex = 0; path = ConexionHTTP.app; sourceTree = BUILT_PRODUCTS_DIR; };
		20F87E741CB80D9F00D5A0D0 /* AppDelegate.swift */ = {isa = PBXFileReference; lastKnownFileType = sourcecode.swift; path = AppDelegate.swift; sourceTree = "<group>"; };
		20F87E761CB80D9F00D5A0D0 /* ViewController.swift */ = {isa = PBXFileReference; lastKnownFileType = sourcecode.swift; path = ViewController.swift; sourceTree = "<group>"; };
		20F87E791CB80D9F00D5A0D0 /* Base */ = {isa = PBXFileReference; lastKnownFileType = file.storyboard; name = Base; path = Base.lproj/Main.storyboard; sourceTree = "<group>"; };
		20F87E7B1CB80D9F00D5A0D0 /* Assets.xcassets */ = {isa = PBXFileReference; lastKnownFileType = folder.assetcatalog; path = Assets.xcassets; sourceTree = "<group>"; };
		20F87E7E1CB80D9F00D5A0D0 /* Base */ = {isa = PBXFileReference; lastKnownFileType = file.storyboard; name = Base; path = Base.lproj/LaunchScreen.storyboard; sourceTree = "<group>"; };
		20F87E801CB80D9F00D5A0D0 /* Info.plist */ = {isa = PBXFileReference; lastKnownFileType = text.plist.xml; path = Info.plist; sourceTree = "<group>"; };
/* End PBXFileReference section */

/* Begin PBXFrameworksBuildPhase section */
		20F87E6E1CB80D9E00D5A0D0 /* Frameworks */ = {
			isa = PBXFrameworksBuildPhase;
			buildActionMask = 2147483647;
			files = (
			);
			runOnlyForDeploymentPostprocessing = 0;
		};
/* End PBXFrameworksBuildPhase section */

/* Begin PBXGroup section */
		20F87E681CB80D9E00D5A0D0 = {
			isa = PBXGroup;
			children = (
				20F87E731CB80D9E00D5A0D0 /* ConexionHTTP */,
				20F87E721CB80D9E00D5A0D0 /* Products */,
			);
			sourceTree = "<group>";
		};
		20F87E721CB80D9E00D5A0D0 /* Products */ = {
			isa = PBXGroup;
			children = (
				20F87E711CB80D9E00D5A0D0 /* ConexionHTTP.app */,
			);
			name = Products;
			sourceTree = "<group>";
		};
		20F87E731CB80D9E00D5A0D0 /* ConexionHTTP */ = {
			isa = PBXGroup;
			children = (
				20F87E741CB80D9F00D5A0D0 /* AppDelegate.swift */,
				20F87E761CB80D9F00D5A0D0 /* ViewController.swift */,
				20B023A41CB952ED0023E600 /* VistaResultados.swift */,
				20F87E781CB80D9F00D5A0D0 /* Main.storyboard */,
				20F87E7B1CB80D9F00D5A0D0 /* Assets.xcassets */,
				20F87E7D1CB80D9F00D5A0D0 /* LaunchScreen.storyboard */,
				20F87E801CB80D9F00D5A0D0 /* Info.plist */,
			);
			path = ConexionHTTP;
			sourceTree = "<group>";
		};
/* End PBXGroup section */

/* Begin PBXNativeTarget section */
		20F87E701CB80D9E00D5A0D0 /* ConexionHTTP */ = {
			isa = PBXNativeTarget;
			buildConfigurationList = 20F87E831CB80D9F00D5A0D0 /* Build configuration list for PBXNativeTarget "ConexionHTTP" */;
			buildPhases = (
				20F87E6D1CB80D9E00D5A0D0 /* Sources */,
				20F87E6E1CB80D9E00D5A0D0 /* Frameworks */,
				20F87E6F1CB80D9E00D5A0D0 /* Resources */,
			);
			buildRules = (
			);
			dependencies = (
			);
			name = ConexionHTTP;
			productName = ConexionHTTP;
			productReference = 20F87E711CB80D9E00D5A0D0 /* ConexionHTTP.app */;
			productType = "com.apple.product-type.application";
		};
/* End PBXNativeTarget section */

/* Begin PBXProject section */
		20F87E691CB80D9E00D5A0D0 /* Project object */ = {
			isa = PBXProject;
			attributes = {
				LastSwiftUpdateCheck = 0720;
				LastUpgradeCheck = 0720;
				ORGANIZATIONNAME = "Gerardo Villarroel";
				TargetAttributes = {
					20F87E701CB80D9E00D5A0D0 = {
						CreatedOnToolsVersion = 7.2;
						DevelopmentTeam = 475939Z3R3;
					};
				};
			};
			buildConfigurationList = 20F87E6C1CB80D9E00D5A0D0 /* Build configuration list for PBXProject "ConexionHTTP" */;
			compatibilityVersion = "Xcode 3.2";
			developmentRegion = English;
			hasScannedForEncodings = 0;
			knownRegions = (
				en,
				Base,
			);
			mainGroup = 20F87E681CB80D9E00D5A0D0;
			productRefGroup = 20F87E721CB80D9E00D5A0D0 /* Products */;
			projectDirPath = "";
			projectRoot = "";
			targets = (
				20F87E701CB80D9E00D5A0D0 /* ConexionHTTP */,
			);
		};
/* End PBXProject section */

/* Begin PBXResourcesBuildPhase section */
		20F87E6F1CB80D9E00D5A0D0 /* Resources */ = {
			isa = PBXResourcesBuildPhase;
			buildActionMask = 2147483647;
			files = (
				20F87E7F1CB80D9F00D5A0D0 /* LaunchScreen.storyboard in Resources */,
				20F87E7C1CB80D9F00D5A0D0 /* Assets.xcassets in Resources */,
				20F87E7A1CB80D9F00D5A0D0 /* Main.storyboard in Resources */,
			);
			runOnlyForDeploymentPostprocessing = 0;
		};
/* End PBXResourcesBuildPhase section */

/* Begin PBXSourcesBuildPhase section */
		20F87E6D1CB80D9E00D5A0D0 /* Sources */ = {
			isa = PBXSourcesBuildPhase;
			buildActionMask = 2147483647;
			files = (
				20F87E771CB80D9F00D5A0D0 /* ViewController.swift in Sources */,
				20F87E751CB80D9F00D5A0D0 /* AppDelegate.swift in Sources */,
				20B023A51CB952ED0023E600 /* VistaResultados.swift in Sources */,
			);
			runOnlyForDeploymentPostprocessing = 0;
		};
/* End PBXSourcesBuildPhase section */

/* Begin PBXVariantGroup section */
		20F87E781CB80D9F00D5A0D0 /* Main.storyboard */ = {
			isa = PBXVariantGroup;
			children = (
				20F87E791CB80D9F00D5A0D0 /* Base */,
			);
			name = Main.storyboard;
			sourceTree = "<group>";
		};
		20F87E7D1CB80D9F00D5A0D0 /* LaunchScreen.storyboard */ = {
			isa = PBXVariantGroup;
			children = (
				20F87E7E1CB80D9F00D5A0D0 /* Base */,
			);
			name = LaunchScreen.storyboard;
			sourceTree = "<group>";
		};
/* End PBXVariantGroup section */

/* Begin XCBuildConfiguration section */
		20F87E811CB80D9F00D5A0D0 /* Debug */ = {
			isa = XCBuildConfiguration;
			buildSettings = {
				ALWAYS_SEARCH_USER_PATHS = NO;
				CLANG_CXX_LANGUAGE_STANDARD = "gnu++0x";
				CLANG_CXX_LIBRARY = "libc++";
				CLANG_ENABLE_MODULES = YES;
				CLANG_ENABLE_OBJC_ARC = YES;
				CLANG_WARN_BOOL_CONVERSION = YES;
				CLANG_WARN_CONSTANT_CONVERSION = YES;
				CLANG_WARN_DIRECT_OBJC_ISA_USAGE = YES_ERROR;
				CLANG_WARN_EMPTY_BODY = YES;
				CLANG_WARN_ENUM_CONVERSION = YES;
				CLANG_WARN_INT_CONVERSION = YES;
				CLANG_WARN_OBJC_ROOT_CLASS = YES_ERROR;
				CLANG_WARN_UNREACHABLE_CODE = YES;
				CLANG_WARN__DUPLICATE_METHOD_MATCH = YES;
				"CODE_SIGN_IDENTITY[sdk=iphoneos*]" = "iPhone Developer";
				COPY_PHASE_STRIP = NO;
				DEBUG_INFORMATION_FORMAT = dwarf;
				ENABLE_STRICT_OBJC_MSGSEND = YES;
				ENABLE_TESTABILITY = YES;
				GCC_C_LANGUAGE_STANDARD = gnu99;
				GCC_DYNAMIC_NO_PIC = NO;
				GCC_NO_COMMON_BLOCKS = YES;
				GCC_OPTIMIZATION_LEVEL = 0;
				GCC_PREPROCESSOR_DEFINITIONS = (
					"DEBUG=1",
					"$(inherited)",
				);
				GCC_WARN_64_TO_32_BIT_CONVERSION = YES;
				GCC_WARN_ABOUT_RETURN_TYPE = YES_ERROR;
				GCC_WARN_UNDECLARED_SELECTOR = YES;
				GCC_WARN_UNINITIALIZED_AUTOS = YES_AGGRESSIVE;
				GCC_WARN_UNUSED_FUNCTION = YES;
				GCC_WARN_UNUSED_VARIABLE = YES;
				IPHONEOS_DEPLOYMENT_TARGET = 9.2;
				MTL_ENABLE_DEBUG_INFO = YES;
				ONLY_ACTIVE_ARCH = YES;
				SDKROOT = iphoneos;
				SWIFT_OPTIMIZATION_LEVEL = "-Onone";
			};
			name = Debug;
		};
		20F87E821CB80D9F00D5A0D0 /* Release */ = {
			isa = XCBuildConfiguration;
			buildSettings = {
				ALWAYS_SEARCH_USER_PATHS = NO;
				CLANG_CXX_LANGUAGE_STANDARD = "gnu++0x";
				CLANG_CXX_LIBRARY = "libc++";
				CLANG_ENABLE_MODULES = YES;
				CLANG_ENABLE_OBJC_ARC = YES;
				CLANG_WARN_BOOL_CONVERSION = YES;
				CLANG_WARN_CONSTANT_CONVERSION = YES;
				CLANG_WARN_DIRECT_OBJC_ISA_USAGE = YES_ERROR;
				CLANG_WARN_EMPTY_BODY = YES;
				CLANG_WARN_ENUM_CONVERSION = YES;
				CLANG_WARN_INT_CONVERSION = YES;
				CLANG_WARN_OBJC_ROOT_CLASS = YES_ERROR;
				CLANG_WARN_UNREACHABLE_CODE = YES;
				CLANG_WARN__DUPLICATE_METHOD_MATCH = YES;
				"CODE_SIGN_IDENTITY[sdk=iphoneos*]" = "iPhone Developer";
				COPY_PHASE_STRIP = NO;
				DEBUG_INFORMATION_FORMAT = "dwarf-with-dsym";
				ENABLE_NS_ASSERTIONS = NO;
				ENABLE_STRICT_OBJC_MSGSEND = YES;
				GCC_C_LANGUAGE_STANDARD = gnu99;
				GCC_NO_COMMON_BLOCKS = YES;
				GCC_WARN_64_TO_32_BIT_CONVERSION = YES;
				GCC_WARN_ABOUT_RETURN_TYPE = YES_ERROR;
				GCC_WARN_UNDECLARED_SELECTOR = YES;
				GCC_WARN_UNINITIALIZED_AUTOS = YES_AGGRESSIVE;
				GCC_WARN_UNUSED_FUNCTION = YES;
				GCC_WARN_UNUSED_VARIABLE = YES;
				IPHONEOS_DEPLOYMENT_TARGET = 9.2;
				MTL_ENABLE_DEBUG_INFO = NO;
				SDKROOT = iphoneos;
				VALIDATE_PRODUCT = YES;
			};
			name = Release;
		};
		20F87E841CB80D9F00D5A0D0 /* Debug */ = {
			isa = XCBuildConfiguration;
			buildSettings = {
				ASSETCATALOG_COMPILER_APPICON_NAME = AppIcon;
				CODE_SIGN_IDENTITY = "iPhone Developer";
				"CODE_SIGN_IDENTITY[sdk=iphoneos*]" = "iPhone Developer";
				INFOPLIST_FILE = ConexionHTTP/Info.plist;
				LD_RUNPATH_SEARCH_PATHS = "$(inherited) @executable_path/Frameworks";
				PRODUCT_BUNDLE_IDENTIFIER = gerardovillarroel.ConexionHTTP;
				PRODUCT_NAME = "$(TARGET_NAME)";
				PROVISIONING_PROFILE = "";
			};
			name = Debug;
		};
		20F87E851CB80D9F00D5A0D0 /* Release */ = {
			isa = XCBuildConfiguration;
			buildSettings = {
				ASSETCATALOG_COMPILER_APPICON_NAME = AppIcon;
				CODE_SIGN_IDENTITY = "iPhone Developer";
				"CODE_SIGN_IDENTITY[sdk=iphoneos*]" = "iPhone Developer";
				INFOPLIST_FILE = ConexionHTTP/Info.plist;
				LD_RUNPATH_SEARCH_PATHS = "$(inherited) @executable_path/Frameworks";
				PRODUCT_BUNDLE_IDENTIFIER = gerardovillarroel.ConexionHTTP;
				PRODUCT_NAME = "$(TARGET_NAME)";
				PROVISIONING_PROFILE = "";
			};
			name = Release;
		};
/* End XCBuildConfiguration section */

/* Begin XCConfigurationList section */
		20F87E6C1CB80D9E00D5A0D0 /* Build configuration list for PBXProject "ConexionHTTP" */ = {
			isa = XCConfigurationList;
			buildConfigurations = (
				20F87E811CB80D9F00D5A0D0 /* Debug */,
				20F87E821CB80D9F00D5A0D0 /* Release */,
			);
			defaultConfigurationIsVisible = 0;
			defaultConfigurationName = Release;
		};
		20F87E831CB80D9F00D5A0D0 /* Build configuration list for PBXNativeTarget "ConexionHTTP" */ = {
			isa = XCConfigurationList;
			buildConfigurations = (
				20F87E841CB80D9F00D5A0D0 /* Debug */,
				20F87E851CB80D9F00D5A0D0 /* Release */,
			);
			defaultConfigurationIsVisible = 0;
			defaultConfigurationName = Release;
		};
/* End XCConfigurationList section */
	};
	rootObject = 20F87E691CB80D9E00D5A0D0 /* Project object */;
}
